
Microsoft Visual Studio Solution File, Format Version 12.00
# Visual Studio Version 17
VisualStudioVersion = 17.8.0.0
MinimumVisualStudioVersion = 17.8.0.0
Project("{9A19103F-16F7-4668-BE54-9A1E7A4F7556}") = "OrleansVoting.AppHost", "OrleansVoting.AppHost\OrleansVoting.AppHost.csproj", "{4AC7CF1D-98EC-425F-9C83-1D19D46156EC}"
EndProject
Project("{9A19103F-16F7-4668-BE54-9A1E7A4F7556}") = "OrleansVoting.ServiceDefaults", "OrleansVoting.ServiceDefaults\OrleansVoting.ServiceDefaults.csproj", "{CC5A0A54-8022-44D0-A59F-8F4DBDC4CA6A}"
EndProject
Project("{9A19103F-16F7-4668-BE54-9A1E7A4F7556}") = "OrleansVoting.WebApp", "OrleansVoting.WebApp\OrleansVoting.WebApp.csproj", "{89B5840C-525E-4F4E-A5F1-2A1123E51AC8}"
EndProject
Project("{2150E333-8FDC-42A3-9474-1A3956D46DE8}") = "Solution Items", "Solution Items", "{12084A39-2ED4-45DF-9FBD-9FA7FA6867BF}"
	ProjectSection(SolutionItems) = preProject
		README.md = README.md
	EndProjectSection
EndProject
Project("{FAE04EC0-301F-11D3-BF4B-00C04F79EFBC}") = "OrleansVoting.Tests", "OrleansVoting.Tests\OrleansVoting.Tests.csproj", "{AE17B2E1-515F-4EB6-8DEC-51ACE605B3D6}"
EndProject
Project("{FAE04EC0-301F-11D3-BF4B-00C04F79EFBC}") = "OrleansVoting.Tests.UI", "OrleansVoting.Tests.UI\OrleansVoting.Tests.UI.csproj", "{397B60AA-6184-4169-90B9-A60879BA2D63}"
EndProject
Project("{FAE04EC0-301F-11D3-BF4B-00C04F79EFBC}") = "OrleansVoting.Contracts", "OrleansVoting.Contracts\OrleansVoting.Contracts.csproj", "{5C99CC4C-25E8-4515-A572-DDD0883D443E}"
EndProject
Project("{FAE04EC0-301F-11D3-BF4B-00C04F79EFBC}") = "OrleansVoting.Grains", "OrleansVoting.Grains\OrleansVoting.Grains.csproj", "{715CB727-D178-48BE-A1B2-87E0649EF35B}"
EndProject
Project("{FAE04EC0-301F-11D3-BF4B-00C04F79EFBC}") = "OrleansVoting.Silo", "OrleansVoting.Silo\OrleansVoting.Silo.csproj", "{715BD57F-DA12-49BA-984B-F713AC6BFA5D}"
EndProject
Project("{FAE04EC0-301F-11D3-BF4B-00C04F79EFBC}") = "OrleansVoting.Api", "OrleansVoting.Api\OrleansVoting.Api.csproj", "{FE96DEAA-8D12-4B0F-9CE8-6D81644082FE}"
EndProject
Global
	GlobalSection(SolutionConfigurationPlatforms) = preSolution
		Debug|Any CPU = Debug|Any CPU
		Debug|x64 = Debug|x64
		Debug|x86 = Debug|x86
		Release|Any CPU = Release|Any CPU
		Release|x64 = Release|x64
		Release|x86 = Release|x86
	EndGlobalSection
	GlobalSection(ProjectConfigurationPlatforms) = postSolution
		{4AC7CF1D-98EC-425F-9C83-1D19D46156EC}.Debug|Any CPU.ActiveCfg = Debug|Any CPU
		{4AC7CF1D-98EC-425F-9C83-1D19D46156EC}.Debug|Any CPU.Build.0 = Debug|Any CPU
		{4AC7CF1D-98EC-425F-9C83-1D19D46156EC}.Debug|x64.ActiveCfg = Debug|Any CPU
		{4AC7CF1D-98EC-425F-9C83-1D19D46156EC}.Debug|x64.Build.0 = Debug|Any CPU
		{4AC7CF1D-98EC-425F-9C83-1D19D46156EC}.Debug|x86.ActiveCfg = Debug|Any CPU
		{4AC7CF1D-98EC-425F-9C83-1D19D46156EC}.Debug|x86.Build.0 = Debug|Any CPU
		{4AC7CF1D-98EC-425F-9C83-1D19D46156EC}.Release|Any CPU.ActiveCfg = Release|Any CPU
		{4AC7CF1D-98EC-425F-9C83-1D19D46156EC}.Release|Any CPU.Build.0 = Release|Any CPU
		{4AC7CF1D-98EC-425F-9C83-1D19D46156EC}.Release|x64.ActiveCfg = Release|Any CPU
		{4AC7CF1D-98EC-425F-9C83-1D19D46156EC}.Release|x64.Build.0 = Release|Any CPU
		{4AC7CF1D-98EC-425F-9C83-1D19D46156EC}.Release|x86.ActiveCfg = Release|Any CPU
		{4AC7CF1D-98EC-425F-9C83-1D19D46156EC}.Release|x86.Build.0 = Release|Any CPU
		{CC5A0A54-8022-44D0-A59F-8F4DBDC4CA6A}.Debug|Any CPU.ActiveCfg = Debug|Any CPU
		{CC5A0A54-8022-44D0-A59F-8F4DBDC4CA6A}.Debug|Any CPU.Build.0 = Debug|Any CPU
		{CC5A0A54-8022-44D0-A59F-8F4DBDC4CA6A}.Debug|x64.ActiveCfg = Debug|Any CPU
		{CC5A0A54-8022-44D0-A59F-8F4DBDC4CA6A}.Debug|x64.Build.0 = Debug|Any CPU
		{CC5A0A54-8022-44D0-A59F-8F4DBDC4CA6A}.Debug|x86.ActiveCfg = Debug|Any CPU
		{CC5A0A54-8022-44D0-A59F-8F4DBDC4CA6A}.Debug|x86.Build.0 = Debug|Any CPU
		{CC5A0A54-8022-44D0-A59F-8F4DBDC4CA6A}.Release|Any CPU.ActiveCfg = Release|Any CPU
		{CC5A0A54-8022-44D0-A59F-8F4DBDC4CA6A}.Release|Any CPU.Build.0 = Release|Any CPU
		{CC5A0A54-8022-44D0-A59F-8F4DBDC4CA6A}.Release|x64.ActiveCfg = Release|Any CPU
		{CC5A0A54-8022-44D0-A59F-8F4DBDC4CA6A}.Release|x64.Build.0 = Release|Any CPU
		{CC5A0A54-8022-44D0-A59F-8F4DBDC4CA6A}.Release|x86.ActiveCfg = Release|Any CPU
		{CC5A0A54-8022-44D0-A59F-8F4DBDC4CA6A}.Release|x86.Build.0 = Release|Any CPU
		{89B5840C-525E-4F4E-A5F1-2A1123E51AC8}.Debug|Any CPU.ActiveCfg = Debug|Any CPU
		{89B5840C-525E-4F4E-A5F1-2A1123E51AC8}.Debug|Any CPU.Build.0 = Debug|Any CPU
		{89B5840C-525E-4F4E-A5F1-2A1123E51AC8}.Debug|x64.ActiveCfg = Debug|Any CPU
		{89B5840C-525E-4F4E-A5F1-2A1123E51AC8}.Debug|x64.Build.0 = Debug|Any CPU
		{89B5840C-525E-4F4E-A5F1-2A1123E51AC8}.Debug|x86.ActiveCfg = Debug|Any CPU
		{89B5840C-525E-4F4E-A5F1-2A1123E51AC8}.Debug|x86.Build.0 = Debug|Any CPU
		{89B5840C-525E-4F4E-A5F1-2A1123E51AC8}.Release|Any CPU.ActiveCfg = Release|Any CPU
		{89B5840C-525E-4F4E-A5F1-2A1123E51AC8}.Release|Any CPU.Build.0 = Release|Any CPU
		{89B5840C-525E-4F4E-A5F1-2A1123E51AC8}.Release|x64.ActiveCfg = Release|Any CPU
		{89B5840C-525E-4F4E-A5F1-2A1123E51AC8}.Release|x64.Build.0 = Release|Any CPU
		{89B5840C-525E-4F4E-A5F1-2A1123E51AC8}.Release|x86.ActiveCfg = Release|Any CPU
		{89B5840C-525E-4F4E-A5F1-2A1123E51AC8}.Release|x86.Build.0 = Release|Any CPU
		{AE17B2E1-515F-4EB6-8DEC-51ACE605B3D6}.Debug|Any CPU.ActiveCfg = Debug|Any CPU
		{AE17B2E1-515F-4EB6-8DEC-51ACE605B3D6}.Debug|Any CPU.Build.0 = Debug|Any CPU
		{AE17B2E1-515F-4EB6-8DEC-51ACE605B3D6}.Debug|x64.ActiveCfg = Debug|Any CPU
		{AE17B2E1-515F-4EB6-8DEC-51ACE605B3D6}.Debug|x64.Build.0 = Debug|Any CPU
		{AE17B2E1-515F-4EB6-8DEC-51ACE605B3D6}.Debug|x86.ActiveCfg = Debug|Any CPU
		{AE17B2E1-515F-4EB6-8DEC-51ACE605B3D6}.Debug|x86.Build.0 = Debug|Any CPU
		{AE17B2E1-515F-4EB6-8DEC-51ACE605B3D6}.Release|Any CPU.ActiveCfg = Release|Any CPU
		{AE17B2E1-515F-4EB6-8DEC-51ACE605B3D6}.Release|Any CPU.Build.0 = Release|Any CPU
		{AE17B2E1-515F-4EB6-8DEC-51ACE605B3D6}.Release|x64.ActiveCfg = Release|Any CPU
		{AE17B2E1-515F-4EB6-8DEC-51ACE605B3D6}.Release|x64.Build.0 = Release|Any CPU
		{AE17B2E1-515F-4EB6-8DEC-51ACE605B3D6}.Release|x86.ActiveCfg = Release|Any CPU
		{AE17B2E1-515F-4EB6-8DEC-51ACE605B3D6}.Release|x86.Build.0 = Release|Any CPU
		{397B60AA-6184-4169-90B9-A60879BA2D63}.Debug|Any CPU.ActiveCfg = Debug|Any CPU
		{397B60AA-6184-4169-90B9-A60879BA2D63}.Debug|Any CPU.Build.0 = Debug|Any CPU
		{397B60AA-6184-4169-90B9-A60879BA2D63}.Debug|x64.ActiveCfg = Debug|Any CPU
		{397B60AA-6184-4169-90B9-A60879BA2D63}.Debug|x64.Build.0 = Debug|Any CPU
		{397B60AA-6184-4169-90B9-A60879BA2D63}.Debug|x86.ActiveCfg = Debug|Any CPU
		{397B60AA-6184-4169-90B9-A60879BA2D63}.Debug|x86.Build.0 = Debug|Any CPU
		{397B60AA-6184-4169-90B9-A60879BA2D63}.Release|Any CPU.ActiveCfg = Release|Any CPU
		{397B60AA-6184-4169-90B9-A60879BA2D63}.Release|Any CPU.Build.0 = Release|Any CPU
		{397B60AA-6184-4169-90B9-A60879BA2D63}.Release|x64.ActiveCfg = Release|Any CPU
		{397B60AA-6184-4169-90B9-A60879BA2D63}.Release|x64.Build.0 = Release|Any CPU
		{397B60AA-6184-4169-90B9-A60879BA2D63}.Release|x86.ActiveCfg = Release|Any CPU
		{397B60AA-6184-4169-90B9-A60879BA2D63}.Release|x86.Build.0 = Release|Any CPU
		{5C99CC4C-25E8-4515-A572-DDD0883D443E}.Debug|Any CPU.ActiveCfg = Debug|Any CPU
		{5C99CC4C-25E8-4515-A572-DDD0883D443E}.Debug|Any CPU.Build.0 = Debug|Any CPU
		{5C99CC4C-25E8-4515-A572-DDD0883D443E}.Debug|x64.ActiveCfg = Debug|Any CPU
		{5C99CC4C-25E8-4515-A572-DDD0883D443E}.Debug|x64.Build.0 = Debug|Any CPU
		{5C99CC4C-25E8-4515-A572-DDD0883D443E}.Debug|x86.ActiveCfg = Debug|Any CPU
		{5C99CC4C-25E8-4515-A572-DDD0883D443E}.Debug|x86.Build.0 = Debug|Any CPU
		{5C99CC4C-25E8-4515-A572-DDD0883D443E}.Release|Any CPU.ActiveCfg = Release|Any CPU
		{5C99CC4C-25E8-4515-A572-DDD0883D443E}.Release|Any CPU.Build.0 = Release|Any CPU
		{5C99CC4C-25E8-4515-A572-DDD0883D443E}.Release|x64.ActiveCfg = Release|Any CPU
		{5C99CC4C-25E8-4515-A572-DDD0883D443E}.Release|x64.Build.0 = Release|Any CPU
		{5C99CC4C-25E8-4515-A572-DDD0883D443E}.Release|x86.ActiveCfg = Release|Any CPU
		{5C99CC4C-25E8-4515-A572-DDD0883D443E}.Release|x86.Build.0 = Release|Any CPU
		{715CB727-D178-48BE-A1B2-87E0649EF35B}.Debug|Any CPU.ActiveCfg = Debug|Any CPU
		{715CB727-D178-48BE-A1B2-87E0649EF35B}.Debug|Any CPU.Build.0 = Debug|Any CPU
		{715CB727-D178-48BE-A1B2-87E0649EF35B}.Debug|x64.ActiveCfg = Debug|Any CPU
		{715CB727-D178-48BE-A1B2-87E0649EF35B}.Debug|x64.Build.0 = Debug|Any CPU
		{715CB727-D178-48BE-A1B2-87E0649EF35B}.Debug|x86.ActiveCfg = Debug|Any CPU
		{715CB727-D178-48BE-A1B2-87E0649EF35B}.Debug|x86.Build.0 = Debug|Any CPU
		{715CB727-D178-48BE-A1B2-87E0649EF35B}.Release|Any CPU.ActiveCfg = Release|Any CPU
		{715CB727-D178-48BE-A1B2-87E0649EF35B}.Release|Any CPU.Build.0 = Release|Any CPU
		{715CB727-D178-48BE-A1B2-87E0649EF35B}.Release|x64.ActiveCfg = Release|Any CPU
		{715CB727-D178-48BE-A1B2-87E0649EF35B}.Release|x64.Build.0 = Release|Any CPU
		{715CB727-D178-48BE-A1B2-87E0649EF35B}.Release|x86.ActiveCfg = Release|Any CPU
		{715CB727-D178-48BE-A1B2-87E0649EF35B}.Release|x86.Build.0 = Release|Any CPU
		{715BD57F-DA12-49BA-984B-F713AC6BFA5D}.Debug|Any CPU.ActiveCfg = Debug|Any CPU
		{715BD57F-DA12-49BA-984B-F713AC6BFA5D}.Debug|Any CPU.Build.0 = Debug|Any CPU
		{715BD57F-DA12-49BA-984B-F713AC6BFA5D}.Debug|x64.ActiveCfg = Debug|Any CPU
		{715BD57F-DA12-49BA-984B-F713AC6BFA5D}.Debug|x64.Build.0 = Debug|Any CPU
		{715BD57F-DA12-49BA-984B-F713AC6BFA5D}.Debug|x86.ActiveCfg = Debug|Any CPU
		{715BD57F-DA12-49BA-984B-F713AC6BFA5D}.Debug|x86.Build.0 = Debug|Any CPU
		{715BD57F-DA12-49BA-984B-F713AC6BFA5D}.Release|Any CPU.ActiveCfg = Release|Any CPU
		{715BD57F-DA12-49BA-984B-F713AC6BFA5D}.Release|Any CPU.Build.0 = Release|Any CPU
		{715BD57F-DA12-49BA-984B-F713AC6BFA5D}.Release|x64.ActiveCfg = Release|Any CPU
		{715BD57F-DA12-49BA-984B-F713AC6BFA5D}.Release|x64.Build.0 = Release|Any CPU
		{715BD57F-DA12-49BA-984B-F713AC6BFA5D}.Release|x86.ActiveCfg = Release|Any CPU
		{715BD57F-DA12-49BA-984B-F713AC6BFA5D}.Release|x86.Build.0 = Release|Any CPU
		{FE96DEAA-8D12-4B0F-9CE8-6D81644082FE}.Debug|Any CPU.ActiveCfg = Debug|Any CPU
		{FE96DEAA-8D12-4B0F-9CE8-6D81644082FE}.Debug|Any CPU.Build.0 = Debug|Any CPU
		{FE96DEAA-8D12-4B0F-9CE8-6D81644082FE}.Debug|x64.ActiveCfg = Debug|Any CPU
		{FE96DEAA-8D12-4B0F-9CE8-6D81644082FE}.Debug|x64.Build.0 = Debug|Any CPU
		{FE96DEAA-8D12-4B0F-9CE8-6D81644082FE}.Debug|x86.ActiveCfg = Debug|Any CPU
		{FE96DEAA-8D12-4B0F-9CE8-6D81644082FE}.Debug|x86.Build.0 = Debug|Any CPU
		{FE96DEAA-8D12-4B0F-9CE8-6D81644082FE}.Release|Any CPU.ActiveCfg = Release|Any CPU
		{FE96DEAA-8D12-4B0F-9CE8-6D81644082FE}.Release|Any CPU.Build.0 = Release|Any CPU
		{FE96DEAA-8D12-4B0F-9CE8-6D81644082FE}.Release|x64.ActiveCfg = Release|Any CPU
		{FE96DEAA-8D12-4B0F-9CE8-6D81644082FE}.Release|x64.Build.0 = Release|Any CPU
		{FE96DEAA-8D12-4B0F-9CE8-6D81644082FE}.Release|x86.ActiveCfg = Release|Any CPU
		{FE96DEAA-8D12-4B0F-9CE8-6D81644082FE}.Release|x86.Build.0 = Release|Any CPU
	EndGlobalSection
	GlobalSection(SolutionProperties) = preSolution
		HideSolutionNode = FALSE
	EndGlobalSection
	GlobalSection(ExtensibilityGlobals) = postSolution
		SolutionGuid = {F5F5DBE5-24CE-4CFE-A1AD-F71BD39D28F7}
	EndGlobalSection
EndGlobal
